{
  "name": "skill-sample-nodejs-hello-world",
  "version": "1.0.0",
  "lockfileVersion": 1,
  "requires": true,
  "dependencies": {
    "ask-sdk-core": {
      "version": "2.0.1",
      "resolved": "https://registry.npmjs.org/ask-sdk-core/-/ask-sdk-core-2.0.1.tgz",
      "integrity": "sha512-OjpWeg2PuryCqPcfwYW5oWrrjPSoQtBthMDpI3yFy8pXnFMw9uraMmbJ9C94hmYu8oZOPvqgp/nnBWbdWqNo+Q=="
    },
    "ask-sdk-model": {
      "version": "1.0.1",
      "resolved": "https://registry.npmjs.org/ask-sdk-model/-/ask-sdk-model-1.0.1.tgz",
      "integrity": "sha512-jeKc00OaIuJwVCVTUfeLrl+0P5ESBjBjc1epYUZQsGTFsyxjWWqv12Uy0ZpoYVHKk1YJ57wDqyewtEGK4Xv3HA=="
    }
  }
}
